
Microsoft Visual Studio Solution File, Format Version 12.00
# Visual Studio 15
VisualStudioVersion = 15.0.28307.645
MinimumVisualStudioVersion = 10.0.40219.1
Project("{FAE04EC0-301F-11D3-BF4B-00C04F79EFBC}") = "BankApp", "BankApp\BankApp.csproj", "{572D2CB5-E3A3-46B5-851F-70778D43A39A}"
EndProject
Global
	GlobalSection(SolutionConfigurationPlatforms) = preSolution
		Debug|Any CPU = Debug|Any CPU
		Release|Any CPU = Release|Any CPU
	EndGlobalSection
	GlobalSection(ProjectConfigurationPlatforms) = postSolution
		{572D2CB5-E3A3-46B5-851F-70778D43A39A}.Debug|Any CPU.ActiveCfg = Debug|Any CPU
		{572D2CB5-E3A3-46B5-851F-70778D43A39A}.Debug|Any CPU.Build.0 = Debug|Any CPU
		{572D2CB5-E3A3-46B5-851F-70778D43A39A}.Release|Any CPU.ActiveCfg = Release|Any CPU
		{572D2CB5-E3A3-46B5-851F-70778D43A39A}.Release|Any CPU.Build.0 = Release|Any CPU
	EndGlobalSection
	GlobalSection(SolutionProperties) = preSolution
		HideSolutionNode = FALSE
	EndGlobalSection
	GlobalSection(ExtensibilityGlobals) = postSolution
		SolutionGuid = {AABF1982-7B00-48C0-959F-E44EE18B1992}
	EndGlobalSection
EndGlobal
